
Microsoft Visual Studio Solution File, Format Version 12.00
# Visual Studio Version 16
VisualStudioVersion = 16.0.29209.62
MinimumVisualStudioVersion = 10.0.40219.1
Project("{9A19103F-16F7-4668-BE54-9A1E7A4F7556}") = "OpenWater.ApiClient", "OpenWater.ApiClient\OpenWater.ApiClient.csproj", "{8002E478-E462-4335-A8AD-FE48A6DA2F60}"
EndProject
Project("{9A19103F-16F7-4668-BE54-9A1E7A4F7556}") = "OpenWater.ApiClient.ClientGenerator", "OpenWater.ApiClient.ClientGenerator\OpenWater.ApiClient.ClientGenerator.csproj", "{B234F6DB-3098-4ADF-A86A-2D7BFA836A0B}"
EndProject
Project("{9A19103F-16F7-4668-BE54-9A1E7A4F7556}") = "OpenWater.ApiClient.Samples", "OpenWater.ApiClient.Samples\OpenWater.ApiClient.Samples.csproj", "{9DF29580-AB53-4618-AB74-C618C43F2C18}"
EndProject
Project("{9A19103F-16F7-4668-BE54-9A1E7A4F7556}") = "OpenWater.ApiClient.Tests", "OpenWater.ApiClient.Tests\OpenWater.ApiClient.Tests.csproj", "{7647FC3C-7261-472A-9BBA-D7E2A0F66927}"
EndProject
Project("{2150E333-8FDC-42A3-9474-1A3956D46DE8}") = "Solution Items", "Solution Items", "{938C8214-4607-4590-83F7-00CC0C985FCD}"
EndProject
Global
	GlobalSection(SolutionConfigurationPlatforms) = preSolution
		Debug|Any CPU = Debug|Any CPU
		Release|Any CPU = Release|Any CPU
	EndGlobalSection
	GlobalSection(ProjectConfigurationPlatforms) = postSolution
		{8002E478-E462-4335-A8AD-FE48A6DA2F60}.Debug|Any CPU.ActiveCfg = Debug|Any CPU
		{8002E478-E462-4335-A8AD-FE48A6DA2F60}.Debug|Any CPU.Build.0 = Debug|Any CPU
		{8002E478-E462-4335-A8AD-FE48A6DA2F60}.Release|Any CPU.ActiveCfg = Release|Any CPU
		{8002E478-E462-4335-A8AD-FE48A6DA2F60}.Release|Any CPU.Build.0 = Release|Any CPU
		{B234F6DB-3098-4ADF-A86A-2D7BFA836A0B}.Debug|Any CPU.ActiveCfg = Debug|Any CPU
		{B234F6DB-3098-4ADF-A86A-2D7BFA836A0B}.Debug|Any CPU.Build.0 = Debug|Any CPU
		{B234F6DB-3098-4ADF-A86A-2D7BFA836A0B}.Release|Any CPU.ActiveCfg = Release|Any CPU
		{B234F6DB-3098-4ADF-A86A-2D7BFA836A0B}.Release|Any CPU.Build.0 = Release|Any CPU
		{9DF29580-AB53-4618-AB74-C618C43F2C18}.Debug|Any CPU.ActiveCfg = Debug|Any CPU
		{9DF29580-AB53-4618-AB74-C618C43F2C18}.Debug|Any CPU.Build.0 = Debug|Any CPU
		{9DF29580-AB53-4618-AB74-C618C43F2C18}.Release|Any CPU.ActiveCfg = Release|Any CPU
		{9DF29580-AB53-4618-AB74-C618C43F2C18}.Release|Any CPU.Build.0 = Release|Any CPU
		{7647FC3C-7261-472A-9BBA-D7E2A0F66927}.Debug|Any CPU.ActiveCfg = Debug|Any CPU
		{7647FC3C-7261-472A-9BBA-D7E2A0F66927}.Debug|Any CPU.Build.0 = Debug|Any CPU
		{7647FC3C-7261-472A-9BBA-D7E2A0F66927}.Release|Any CPU.ActiveCfg = Release|Any CPU
		{7647FC3C-7261-472A-9BBA-D7E2A0F66927}.Release|Any CPU.Build.0 = Release|Any CPU
	EndGlobalSection
	GlobalSection(SolutionProperties) = preSolution
		HideSolutionNode = FALSE
	EndGlobalSection
	GlobalSection(ExtensibilityGlobals) = postSolution
		SolutionGuid = {99100AB1-3A49-4A0B-ABA2-373E4562CB27}
	EndGlobalSection
EndGlobal
